
Microsoft Visual Studio Solution File, Format Version 12.00
# Visual Studio Version 17
VisualStudioVersion = 17.5.001.0
MinimumVisualStudioVersion = 10.0.40219.1
Project("{9A19103F-16F7-4668-BE54-9A1E7A4F7556}") = "gamer", "gamer.csproj", "{7CB20C42-EC77-41E7-B11A-48FD16D53CDA}"
EndProject
Global
	GlobalSection(SolutionConfigurationPlatforms) = preSolution
		Debug|Any CPU = Debug|Any CPU
		Release|Any CPU = Release|Any CPU
	EndGlobalSection
	GlobalSection(ProjectConfigurationPlatforms) = postSolution
		{7CB20C42-EC77-41E7-B11A-48FD16D53CDA}.Debug|Any CPU.ActiveCfg = Debug|Any CPU
		{7CB20C42-EC77-41E7-B11A-48FD16D53CDA}.Debug|Any CPU.Build.0 = Debug|Any CPU
		{7CB20C42-EC77-41E7-B11A-48FD16D53CDA}.Release|Any CPU.ActiveCfg = Release|Any CPU
		{7CB20C42-EC77-41E7-B11A-48FD16D53CDA}.Release|Any CPU.Build.0 = Release|Any CPU
	EndGlobalSection
	GlobalSection(SolutionProperties) = preSolution
		HideSolutionNode = FALSE
	EndGlobalSection
	GlobalSection(ExtensibilityGlobals) = postSolution
		SolutionGuid = {1586974D-483A-46D5-8392-4DD97CFF4D0F}
	EndGlobalSection
EndGlobal
